
Microsoft Visual Studio Solution File, Format Version 12.00
# Visual Studio Version 17
VisualStudioVersion = 17.5.33424.131
MinimumVisualStudioVersion = 10.0.40219.1
Project("{FAE04EC0-301F-11D3-BF4B-00C04F79EFBC}") = "_CoreDepartmanWeb", "_CoreDepartmanWeb\_CoreDepartmanWeb.csproj", "{E8EC0542-285B-4E59-B929-DC1D5371E85F}"
EndProject
Global
	GlobalSection(SolutionConfigurationPlatforms) = preSolution
		Debug|Any CPU = Debug|Any CPU
		Release|Any CPU = Release|Any CPU
	EndGlobalSection
	GlobalSection(ProjectConfigurationPlatforms) = postSolution
		{E8EC0542-285B-4E59-B929-DC1D5371E85F}.Debug|Any CPU.ActiveCfg = Debug|Any CPU
		{E8EC0542-285B-4E59-B929-DC1D5371E85F}.Debug|Any CPU.Build.0 = Debug|Any CPU
		{E8EC0542-285B-4E59-B929-DC1D5371E85F}.Release|Any CPU.ActiveCfg = Release|Any CPU
		{E8EC0542-285B-4E59-B929-DC1D5371E85F}.Release|Any CPU.Build.0 = Release|Any CPU
	EndGlobalSection
	GlobalSection(SolutionProperties) = preSolution
		HideSolutionNode = FALSE
	EndGlobalSection
	GlobalSection(ExtensibilityGlobals) = postSolution
		SolutionGuid = {4C782855-5C13-44C0-BC8E-83A5F6F40408}
	EndGlobalSection
EndGlobal
